// !$*UTF8*$!
{
	archiveVersion = 1;
	classes = {
	};
	objectVersion = 50;
	objects = {

/* Begin PBXBuildFile section */
		8720E2DD220E1D9400B20EA0 /* AppDelegate.swift in Sources */ = {isa = PBXBuildFile; fileRef = 8720E2DC220E1D9400B20EA0 /* AppDelegate.swift */; };
		8720E2E5220E1D9400B20EA0 /* GameViewController.swift in Sources */ = {isa = PBXBuildFile; fileRef = 8720E2E4220E1D9400B20EA0 /* GameViewController.swift */; };
		8720E2E8220E1D9400B20EA0 /* Main.storyboard in Resources */ = {isa = PBXBuildFile; fileRef = 8720E2E6220E1D9400B20EA0 /* Main.storyboard */; };
		8720E2EA220E1D9500B20EA0 /* Assets.xcassets in Resources */ = {isa = PBXBuildFile; fileRef = 8720E2E9220E1D9500B20EA0 /* Assets.xcassets */; };
		8720E2ED220E1D9500B20EA0 /* LaunchScreen.storyboard in Resources */ = {isa = PBXBuildFile; fileRef = 8720E2EB220E1D9500B20EA0 /* LaunchScreen.storyboard */; };
		8720E2F5220E1F1900B20EA0 /* SampleScene.swift in Sources */ = {isa = PBXBuildFile; fileRef = 8720E2F4220E1F1900B20EA0 /* SampleScene.swift */; };
		9603D53B222F224600682045 /* sface.png in Resources */ = {isa = PBXBuildFile; fileRef = 9603D53A222F224600682045 /* sface.png */; };
		96F8A8FF22289562009DEE0F /* Interactive.swift in Sources */ = {isa = PBXBuildFile; fileRef = 96F8A8FE22289562009DEE0F /* Interactive.swift */; };
		96F8A901222895AD009DEE0F /* Noninteractive.swift in Sources */ = {isa = PBXBuildFile; fileRef = 96F8A900222895AD009DEE0F /* Noninteractive.swift */; };
		96F8A903222895EB009DEE0F /* World.swift in Sources */ = {isa = PBXBuildFile; fileRef = 96F8A902222895EB009DEE0F /* World.swift */; };
		96F8A905222895F5009DEE0F /* Wall.swift in Sources */ = {isa = PBXBuildFile; fileRef = 96F8A904222895F5009DEE0F /* Wall.swift */; };
		96F8A907222895FF009DEE0F /* Boundary.swift in Sources */ = {isa = PBXBuildFile; fileRef = 96F8A906222895FF009DEE0F /* Boundary.swift */; };
		96F8A90922289618009DEE0F /* Player.swift in Sources */ = {isa = PBXBuildFile; fileRef = 96F8A90822289618009DEE0F /* Player.swift */; };
		96F8A90B2228963D009DEE0F /* Contactable.swift in Sources */ = {isa = PBXBuildFile; fileRef = 96F8A90A2228963D009DEE0F /* Contactable.swift */; };
		96F8A90D22289651009DEE0F /* Enemy.swift in Sources */ = {isa = PBXBuildFile; fileRef = 96F8A90C22289651009DEE0F /* Enemy.swift */; };
		96F8A90F22289659009DEE0F /* Well.swift in Sources */ = {isa = PBXBuildFile; fileRef = 96F8A90E22289659009DEE0F /* Well.swift */; };
		96F8A9122228969D009DEE0F /* Spikes.swift in Sources */ = {isa = PBXBuildFile; fileRef = 96F8A9112228969D009DEE0F /* Spikes.swift */; };
		96F8A916222896DA009DEE0F /* Parallax.swift in Sources */ = {isa = PBXBuildFile; fileRef = 96F8A915222896DA009DEE0F /* Parallax.swift */; };
		96F8A91A2228A2C2009DEE0F /* CoinBrick.swift in Sources */ = {isa = PBXBuildFile; fileRef = 96F8A9192228A2C2009DEE0F /* CoinBrick.swift */; };
		96F8A91E2228A44B009DEE0F /* StaminaBar.swift in Sources */ = {isa = PBXBuildFile; fileRef = 96F8A91D2228A44B009DEE0F /* StaminaBar.swift */; };
		96F8A9202228A4CD009DEE0F /* DeathWallEffects.swift in Sources */ = {isa = PBXBuildFile; fileRef = 96F8A91F2228A4CD009DEE0F /* DeathWallEffects.swift */; };
		96F8A9222228A663009DEE0F /* Camera.swift in Sources */ = {isa = PBXBuildFile; fileRef = 96F8A9212228A663009DEE0F /* Camera.swift */; };
		96FC26F3224AC84B00F41A5B /* Launcher.swift in Sources */ = {isa = PBXBuildFile; fileRef = 96FC26F2224AC84B00F41A5B /* Launcher.swift */; };
		BA65078A224BDAEC00520B6D /* GameOverScene.swift in Sources */ = {isa = PBXBuildFile; fileRef = BA650789224BDAEC00520B6D /* GameOverScene.swift */; };
		BA7E5ED8225515BC004CD18E /* ParallaxBackground.swift in Sources */ = {isa = PBXBuildFile; fileRef = BA7E5ED7225515BC004CD18E /* ParallaxBackground.swift */; };
		BAF8AE2922551ED50099D905 /* Parallax-Diamonds-1.mov in Resources */ = {isa = PBXBuildFile; fileRef = BAF8AE2722551ED50099D905 /* Parallax-Diamonds-1.mov */; };
		BAF8AE2A22551ED50099D905 /* Parallax-Diamonds-2.mov in Resources */ = {isa = PBXBuildFile; fileRef = BAF8AE2822551ED50099D905 /* Parallax-Diamonds-2.mov */; };
/* End PBXBuildFile section */

/* Begin PBXFileReference section */
		8720E2D9220E1D9400B20EA0 /* SisGame.app */ = {isa = PBXFileReference; explicitFileType = wrapper.application; includeInIndex = 0; path = SisGame.app; sourceTree = BUILT_PRODUCTS_DIR; };
		8720E2DC220E1D9400B20EA0 /* AppDelegate.swift */ = {isa = PBXFileReference; lastKnownFileType = sourcecode.swift; path = AppDelegate.swift; sourceTree = "<group>"; };
		8720E2E4220E1D9400B20EA0 /* GameViewController.swift */ = {isa = PBXFileReference; lastKnownFileType = sourcecode.swift; path = GameViewController.swift; sourceTree = "<group>"; };
		8720E2E7220E1D9400B20EA0 /* Base */ = {isa = PBXFileReference; lastKnownFileType = file.storyboard; name = Base; path = Base.lproj/Main.storyboard; sourceTree = "<group>"; };
		8720E2E9220E1D9500B20EA0 /* Assets.xcassets */ = {isa = PBXFileReference; lastKnownFileType = folder.assetcatalog; path = Assets.xcassets; sourceTree = "<group>"; };
		8720E2EC220E1D9500B20EA0 /* Base */ = {isa = PBXFileReference; lastKnownFileType = file.storyboard; name = Base; path = Base.lproj/LaunchScreen.storyboard; sourceTree = "<group>"; };
		8720E2EE220E1D9500B20EA0 /* Info.plist */ = {isa = PBXFileReference; lastKnownFileType = text.plist.xml; path = Info.plist; sourceTree = "<group>"; };
		8720E2F4220E1F1900B20EA0 /* SampleScene.swift */ = {isa = PBXFileReference; fileEncoding = 4; lastKnownFileType = sourcecode.swift; path = SampleScene.swift; sourceTree = "<group>"; };
		9603D53A222F224600682045 /* sface.png */ = {isa = PBXFileReference; lastKnownFileType = image.png; path = sface.png; sourceTree = "<group>"; };
		96F8A8FE22289562009DEE0F /* Interactive.swift */ = {isa = PBXFileReference; lastKnownFileType = sourcecode.swift; path = Interactive.swift; sourceTree = "<group>"; };
		96F8A900222895AD009DEE0F /* Noninteractive.swift */ = {isa = PBXFileReference; lastKnownFileType = sourcecode.swift; path = Noninteractive.swift; sourceTree = "<group>"; };
		96F8A902222895EB009DEE0F /* World.swift */ = {isa = PBXFileReference; lastKnownFileType = sourcecode.swift; path = World.swift; sourceTree = "<group>"; };
		96F8A904222895F5009DEE0F /* Wall.swift */ = {isa = PBXFileReference; lastKnownFileType = sourcecode.swift; path = Wall.swift; sourceTree = "<group>"; };
		96F8A906222895FF009DEE0F /* Boundary.swift */ = {isa = PBXFileReference; lastKnownFileType = sourcecode.swift; path = Boundary.swift; sourceTree = "<group>"; };
		96F8A90822289618009DEE0F /* Player.swift */ = {isa = PBXFileReference; lastKnownFileType = sourcecode.swift; path = Player.swift; sourceTree = "<group>"; };
		96F8A90A2228963D009DEE0F /* Contactable.swift */ = {isa = PBXFileReference; lastKnownFileType = sourcecode.swift; path = Contactable.swift; sourceTree = "<group>"; };
		96F8A90C22289651009DEE0F /* Enemy.swift */ = {isa = PBXFileReference; lastKnownFileType = sourcecode.swift; path = Enemy.swift; sourceTree = "<group>"; };
		96F8A90E22289659009DEE0F /* Well.swift */ = {isa = PBXFileReference; lastKnownFileType = sourcecode.swift; path = Well.swift; sourceTree = "<group>"; };
		96F8A9112228969D009DEE0F /* Spikes.swift */ = {isa = PBXFileReference; lastKnownFileType = sourcecode.swift; path = Spikes.swift; sourceTree = "<group>"; };
		96F8A915222896DA009DEE0F /* Parallax.swift */ = {isa = PBXFileReference; lastKnownFileType = sourcecode.swift; path = Parallax.swift; sourceTree = "<group>"; };
		96F8A9192228A2C2009DEE0F /* CoinBrick.swift */ = {isa = PBXFileReference; lastKnownFileType = sourcecode.swift; path = CoinBrick.swift; sourceTree = "<group>"; };
		96F8A91D2228A44B009DEE0F /* StaminaBar.swift */ = {isa = PBXFileReference; lastKnownFileType = sourcecode.swift; path = StaminaBar.swift; sourceTree = "<group>"; };
		96F8A91F2228A4CD009DEE0F /* DeathWallEffects.swift */ = {isa = PBXFileReference; lastKnownFileType = sourcecode.swift; path = DeathWallEffects.swift; sourceTree = "<group>"; };
		96F8A9212228A663009DEE0F /* Camera.swift */ = {isa = PBXFileReference; lastKnownFileType = sourcecode.swift; path = Camera.swift; sourceTree = "<group>"; };
		96FC26F2224AC84B00F41A5B /* Launcher.swift */ = {isa = PBXFileReference; fileEncoding = 4; lastKnownFileType = sourcecode.swift; path = Launcher.swift; sourceTree = "<group>"; };
		BA650789224BDAEC00520B6D /* GameOverScene.swift */ = {isa = PBXFileReference; fileEncoding = 4; lastKnownFileType = sourcecode.swift; path = GameOverScene.swift; sourceTree = "<group>"; };
		BA7E5ED7225515BC004CD18E /* ParallaxBackground.swift */ = {isa = PBXFileReference; fileEncoding = 4; lastKnownFileType = sourcecode.swift; path = ParallaxBackground.swift; sourceTree = "<group>"; };
		BAF8AE2722551ED50099D905 /* Parallax-Diamonds-1.mov */ = {isa = PBXFileReference; lastKnownFileType = video.quicktime; path = "Parallax-Diamonds-1.mov"; sourceTree = "<group>"; };
		BAF8AE2822551ED50099D905 /* Parallax-Diamonds-2.mov */ = {isa = PBXFileReference; lastKnownFileType = video.quicktime; path = "Parallax-Diamonds-2.mov"; sourceTree = "<group>"; };
/* End PBXFileReference section */

/* Begin PBXFrameworksBuildPhase section */
		8720E2D6220E1D9400B20EA0 /* Frameworks */ = {
			isa = PBXFrameworksBuildPhase;
			buildActionMask = 2147483647;
			files = (
			);
			runOnlyForDeploymentPostprocessing = 0;
		};
/* End PBXFrameworksBuildPhase section */

/* Begin PBXGroup section */
		8720E2D0220E1D9400B20EA0 = {
			isa = PBXGroup;
			children = (
				BAF8AE2722551ED50099D905 /* Parallax-Diamonds-1.mov */,
				BAF8AE2822551ED50099D905 /* Parallax-Diamonds-2.mov */,
				96F8A91822289805009DEE0F /* Objects */,
				8720E2DB220E1D9400B20EA0 /* SisGame */,
				8720E2DA220E1D9400B20EA0 /* Products */,
				9603D53A222F224600682045 /* sface.png */,
			);
			sourceTree = "<group>";
		};
		8720E2DA220E1D9400B20EA0 /* Products */ = {
			isa = PBXGroup;
			children = (
				8720E2D9220E1D9400B20EA0 /* SisGame.app */,
			);
			name = Products;
			sourceTree = "<group>";
		};
		8720E2DB220E1D9400B20EA0 /* SisGame */ = {
			isa = PBXGroup;
			children = (
				8720E2DC220E1D9400B20EA0 /* AppDelegate.swift */,
				8720E2F4220E1F1900B20EA0 /* SampleScene.swift */,
				8720E2E4220E1D9400B20EA0 /* GameViewController.swift */,
				8720E2E6220E1D9400B20EA0 /* Main.storyboard */,
				8720E2E9220E1D9500B20EA0 /* Assets.xcassets */,
				8720E2EB220E1D9500B20EA0 /* LaunchScreen.storyboard */,
				8720E2EE220E1D9500B20EA0 /* Info.plist */,
			);
			path = SisGame;
			sourceTree = "<group>";
		};
		96F8A91822289805009DEE0F /* Objects */ = {
			isa = PBXGroup;
			children = (
				BA7E5ED7225515BC004CD18E /* ParallaxBackground.swift */,
				BA650789224BDAEC00520B6D /* GameOverScene.swift */,
				96F8A8FE22289562009DEE0F /* Interactive.swift */,
				96F8A900222895AD009DEE0F /* Noninteractive.swift */,
				96F8A902222895EB009DEE0F /* World.swift */,
				96F8A904222895F5009DEE0F /* Wall.swift */,
				96F8A906222895FF009DEE0F /* Boundary.swift */,
				96F8A90822289618009DEE0F /* Player.swift */,
				96F8A90A2228963D009DEE0F /* Contactable.swift */,
				96F8A90C22289651009DEE0F /* Enemy.swift */,
				96F8A90E22289659009DEE0F /* Well.swift */,
				96F8A9112228969D009DEE0F /* Spikes.swift */,
				96F8A915222896DA009DEE0F /* Parallax.swift */,
				96F8A9192228A2C2009DEE0F /* CoinBrick.swift */,
				96F8A91D2228A44B009DEE0F /* StaminaBar.swift */,
				96F8A91F2228A4CD009DEE0F /* DeathWallEffects.swift */,
				96F8A9212228A663009DEE0F /* Camera.swift */,
				96FC26F2224AC84B00F41A5B /* Launcher.swift */,
			);
			path = Objects;
			sourceTree = "<group>";
		};
/* End PBXGroup section */

/* Begin PBXNativeTarget section */
		8720E2D8220E1D9400B20EA0 /* SisGame */ = {
			isa = PBXNativeTarget;
			buildConfigurationList = 8720E2F1220E1D9500B20EA0 /* Build configuration list for PBXNativeTarget "SisGame" */;
			buildPhases = (
				8720E2D5220E1D9400B20EA0 /* Sources */,
				8720E2D6220E1D9400B20EA0 /* Frameworks */,
				8720E2D7220E1D9400B20EA0 /* Resources */,
			);
			buildRules = (
			);
			dependencies = (
			);
			name = SisGame;
			productName = SisGame;
			productReference = 8720E2D9220E1D9400B20EA0 /* SisGame.app */;
			productType = "com.apple.product-type.application";
		};
/* End PBXNativeTarget section */

/* Begin PBXProject section */
		8720E2D1220E1D9400B20EA0 /* Project object */ = {
			isa = PBXProject;
			attributes = {
				LastSwiftUpdateCheck = 1010;
				LastUpgradeCheck = 1010;
				ORGANIZATIONNAME = ACCrew;
				TargetAttributes = {
					8720E2D8220E1D9400B20EA0 = {
						CreatedOnToolsVersion = 10.1;
						LastSwiftMigration = 1020;
					};
				};
			};
			buildConfigurationList = 8720E2D4220E1D9400B20EA0 /* Build configuration list for PBXProject "SisGame" */;
			compatibilityVersion = "Xcode 9.3";
			developmentRegion = en;
			hasScannedForEncodings = 0;
			knownRegions = (
				en,
				Base,
			);
			mainGroup = 8720E2D0220E1D9400B20EA0;
			productRefGroup = 8720E2DA220E1D9400B20EA0 /* Products */;
			projectDirPath = "";
			projectRoot = "";
			targets = (
				8720E2D8220E1D9400B20EA0 /* SisGame */,
			);
		};
/* End PBXProject section */

/* Begin PBXResourcesBuildPhase section */
		8720E2D7220E1D9400B20EA0 /* Resources */ = {
			isa = PBXResourcesBuildPhase;
			buildActionMask = 2147483647;
			files = (
				BAF8AE2922551ED50099D905 /* Parallax-Diamonds-1.mov in Resources */,
				BAF8AE2A22551ED50099D905 /* Parallax-Diamonds-2.mov in Resources */,
				8720E2E8220E1D9400B20EA0 /* Main.storyboard in Resources */,
				8720E2EA220E1D9500B20EA0 /* Assets.xcassets in Resources */,
				9603D53B222F224600682045 /* sface.png in Resources */,
				8720E2ED220E1D9500B20EA0 /* LaunchScreen.storyboard in Resources */,
			);
			runOnlyForDeploymentPostprocessing = 0;
		};
/* End PBXResourcesBuildPhase section */

/* Begin PBXSourcesBuildPhase section */
		8720E2D5220E1D9400B20EA0 /* Sources */ = {
			isa = PBXSourcesBuildPhase;
			buildActionMask = 2147483647;
			files = (
				96F8A903222895EB009DEE0F /* World.swift in Sources */,
				96F8A9202228A4CD009DEE0F /* DeathWallEffects.swift in Sources */,
				96F8A90F22289659009DEE0F /* Well.swift in Sources */,
				96F8A91E2228A44B009DEE0F /* StaminaBar.swift in Sources */,
				8720E2F5220E1F1900B20EA0 /* SampleScene.swift in Sources */,
				96F8A91A2228A2C2009DEE0F /* CoinBrick.swift in Sources */,
				96FC26F3224AC84B00F41A5B /* Launcher.swift in Sources */,
				96F8A905222895F5009DEE0F /* Wall.swift in Sources */,
				96F8A916222896DA009DEE0F /* Parallax.swift in Sources */,
				96F8A90D22289651009DEE0F /* Enemy.swift in Sources */,
				96F8A901222895AD009DEE0F /* Noninteractive.swift in Sources */,
				96F8A9122228969D009DEE0F /* Spikes.swift in Sources */,
				96F8A9222228A663009DEE0F /* Camera.swift in Sources */,
				8720E2E5220E1D9400B20EA0 /* GameViewController.swift in Sources */,
				96F8A907222895FF009DEE0F /* Boundary.swift in Sources */,
				BA65078A224BDAEC00520B6D /* GameOverScene.swift in Sources */,
				96F8A8FF22289562009DEE0F /* Interactive.swift in Sources */,
				BA7E5ED8225515BC004CD18E /* ParallaxBackground.swift in Sources */,
				96F8A90922289618009DEE0F /* Player.swift in Sources */,
				96F8A90B2228963D009DEE0F /* Contactable.swift in Sources */,
				8720E2DD220E1D9400B20EA0 /* AppDelegate.swift in Sources */,
			);
			runOnlyForDeploymentPostprocessing = 0;
		};
/* End PBXSourcesBuildPhase section */

/* Begin PBXVariantGroup section */
		8720E2E6220E1D9400B20EA0 /* Main.storyboard */ = {
			isa = PBXVariantGroup;
			children = (
				8720E2E7220E1D9400B20EA0 /* Base */,
			);
			name = Main.storyboard;
			sourceTree = "<group>";
		};
		8720E2EB220E1D9500B20EA0 /* LaunchScreen.storyboard */ = {
			isa = PBXVariantGroup;
			children = (
				8720E2EC220E1D9500B20EA0 /* Base */,
			);
			name = LaunchScreen.storyboard;
			sourceTree = "<group>";
		};
/* End PBXVariantGroup section */

/* Begin XCBuildConfiguration section */
		8720E2EF220E1D9500B20EA0 /* Debug */ = {
			isa = XCBuildConfiguration;
			buildSettings = {
				ALWAYS_SEARCH_USER_PATHS = NO;
				CLANG_ANALYZER_NONNULL = YES;
				CLANG_ANALYZER_NUMBER_OBJECT_CONVERSION = YES_AGGRESSIVE;
				CLANG_CXX_LANGUAGE_STANDARD = "gnu++14";
				CLANG_CXX_LIBRARY = "libc++";
				CLANG_ENABLE_MODULES = YES;
				CLANG_ENABLE_OBJC_ARC = YES;
				CLANG_ENABLE_OBJC_WEAK = YES;
				CLANG_WARN_BLOCK_CAPTURE_AUTORELEASING = YES;
				CLANG_WARN_BOOL_CONVERSION = YES;
				CLANG_WARN_COMMA = YES;
				CLANG_WARN_CONSTANT_CONVERSION = YES;
				CLANG_WARN_DEPRECATED_OBJC_IMPLEMENTATIONS = YES;
				CLANG_WARN_DIRECT_OBJC_ISA_USAGE = YES_ERROR;
				CLANG_WARN_DOCUMENTATION_COMMENTS = YES;
				CLANG_WARN_EMPTY_BODY = YES;
				CLANG_WARN_ENUM_CONVERSION = YES;
				CLANG_WARN_INFINITE_RECURSION = YES;
				CLANG_WARN_INT_CONVERSION = YES;
				CLANG_WARN_NON_LITERAL_NULL_CONVERSION = YES;
				CLANG_WARN_OBJC_IMPLICIT_RETAIN_SELF = YES;
				CLANG_WARN_OBJC_LITERAL_CONVERSION = YES;
				CLANG_WARN_OBJC_ROOT_CLASS = YES_ERROR;
				CLANG_WARN_RANGE_LOOP_ANALYSIS = YES;
				CLANG_WARN_STRICT_PROTOTYPES = YES;
				CLANG_WARN_SUSPICIOUS_MOVE = YES;
				CLANG_WARN_UNGUARDED_AVAILABILITY = YES_AGGRESSIVE;
				CLANG_WARN_UNREACHABLE_CODE = YES;
				CLANG_WARN__DUPLICATE_METHOD_MATCH = YES;
				CODE_SIGN_IDENTITY = "iPhone Developer";
				COPY_PHASE_STRIP = NO;
				DEBUG_INFORMATION_FORMAT = dwarf;
				ENABLE_STRICT_OBJC_MSGSEND = YES;
				ENABLE_TESTABILITY = YES;
				GCC_C_LANGUAGE_STANDARD = gnu11;
				GCC_DYNAMIC_NO_PIC = NO;
				GCC_NO_COMMON_BLOCKS = YES;
				GCC_OPTIMIZATION_LEVEL = 0;
				GCC_PREPROCESSOR_DEFINITIONS = (
					"DEBUG=1",
					"$(inherited)",
				);
				GCC_WARN_64_TO_32_BIT_CONVERSION = YES;
				GCC_WARN_ABOUT_RETURN_TYPE = YES_ERROR;
				GCC_WARN_UNDECLARED_SELECTOR = YES;
				GCC_WARN_UNINITIALIZED_AUTOS = YES_AGGRESSIVE;
				GCC_WARN_UNUSED_FUNCTION = YES;
				GCC_WARN_UNUSED_VARIABLE = YES;
				IPHONEOS_DEPLOYMENT_TARGET = 12.1;
				MTL_ENABLE_DEBUG_INFO = INCLUDE_SOURCE;
				MTL_FAST_MATH = YES;
				ONLY_ACTIVE_ARCH = YES;
				SDKROOT = iphoneos;
				SWIFT_ACTIVE_COMPILATION_CONDITIONS = DEBUG;
				SWIFT_OPTIMIZATION_LEVEL = "-Onone";
			};
			name = Debug;
		};
		8720E2F0220E1D9500B20EA0 /* Release */ = {
			isa = XCBuildConfiguration;
			buildSettings = {
				ALWAYS_SEARCH_USER_PATHS = NO;
				CLANG_ANALYZER_NONNULL = YES;
				CLANG_ANALYZER_NUMBER_OBJECT_CONVERSION = YES_AGGRESSIVE;
				CLANG_CXX_LANGUAGE_STANDARD = "gnu++14";
				CLANG_CXX_LIBRARY = "libc++";
				CLANG_ENABLE_MODULES = YES;
				CLANG_ENABLE_OBJC_ARC = YES;
				CLANG_ENABLE_OBJC_WEAK = YES;
				CLANG_WARN_BLOCK_CAPTURE_AUTORELEASING = YES;
				CLANG_WARN_BOOL_CONVERSION = YES;
				CLANG_WARN_COMMA = YES;
				CLANG_WARN_CONSTANT_CONVERSION = YES;
				CLANG_WARN_DEPRECATED_OBJC_IMPLEMENTATIONS = YES;
				CLANG_WARN_DIRECT_OBJC_ISA_USAGE = YES_ERROR;
				CLANG_WARN_DOCUMENTATION_COMMENTS = YES;
				CLANG_WARN_EMPTY_BODY = YES;
				CLANG_WARN_ENUM_CONVERSION = YES;
				CLANG_WARN_INFINITE_RECURSION = YES;
				CLANG_WARN_INT_CONVERSION = YES;
				CLANG_WARN_NON_LITERAL_NULL_CONVERSION = YES;
				CLANG_WARN_OBJC_IMPLICIT_RETAIN_SELF = YES;
				CLANG_WARN_OBJC_LITERAL_CONVERSION = YES;
				CLANG_WARN_OBJC_ROOT_CLASS = YES_ERROR;
				CLANG_WARN_RANGE_LOOP_ANALYSIS = YES;
				CLANG_WARN_STRICT_PROTOTYPES = YES;
				CLANG_WARN_SUSPICIOUS_MOVE = YES;
				CLANG_WARN_UNGUARDED_AVAILABILITY = YES_AGGRESSIVE;
				CLANG_WARN_UNREACHABLE_CODE = YES;
				CLANG_WARN__DUPLICATE_METHOD_MATCH = YES;
				CODE_SIGN_IDENTITY = "iPhone Developer";
				COPY_PHASE_STRIP = NO;
				DEBUG_INFORMATION_FORMAT = "dwarf-with-dsym";
				ENABLE_NS_ASSERTIONS = NO;
				ENABLE_STRICT_OBJC_MSGSEND = YES;
				GCC_C_LANGUAGE_STANDARD = gnu11;
				GCC_NO_COMMON_BLOCKS = YES;
				GCC_WARN_64_TO_32_BIT_CONVERSION = YES;
				GCC_WARN_ABOUT_RETURN_TYPE = YES_ERROR;
				GCC_WARN_UNDECLARED_SELECTOR = YES;
				GCC_WARN_UNINITIALIZED_AUTOS = YES_AGGRESSIVE;
				GCC_WARN_UNUSED_FUNCTION = YES;
				GCC_WARN_UNUSED_VARIABLE = YES;
				IPHONEOS_DEPLOYMENT_TARGET = 12.1;
				MTL_ENABLE_DEBUG_INFO = NO;
				MTL_FAST_MATH = YES;
				SDKROOT = iphoneos;
				SWIFT_COMPILATION_MODE = wholemodule;
				SWIFT_OPTIMIZATION_LEVEL = "-O";
				VALIDATE_PRODUCT = YES;
			};
			name = Release;
		};
		8720E2F2220E1D9500B20EA0 /* Debug */ = {
			isa = XCBuildConfiguration;
			buildSettings = {
				ASSETCATALOG_COMPILER_APPICON_NAME = AppIcon;
				CODE_SIGN_STYLE = Automatic;
				DEVELOPMENT_TEAM = XKTC4NP24M;
				INFOPLIST_FILE = SisGame/Info.plist;
				LD_RUNPATH_SEARCH_PATHS = (
					"$(inherited)",
					"@executable_path/Frameworks",
				);
				PRODUCT_BUNDLE_IDENTIFIER = ACCrew.SisGame.Anthoni;
				PRODUCT_NAME = "$(TARGET_NAME)";
				SWIFT_VERSION = 5.0;
				TARGETED_DEVICE_FAMILY = "1,2";
			};
			name = Debug;
		};
		8720E2F3220E1D9500B20EA0 /* Release */ = {
			isa = XCBuildConfiguration;
			buildSettings = {
				ASSETCATALOG_COMPILER_APPICON_NAME = AppIcon;
				CODE_SIGN_STYLE = Automatic;
				DEVELOPMENT_TEAM = XKTC4NP24M;
				INFOPLIST_FILE = SisGame/Info.plist;
				LD_RUNPATH_SEARCH_PATHS = (
					"$(inherited)",
					"@executable_path/Frameworks",
				);
				PRODUCT_BUNDLE_IDENTIFIER = ACCrew.SisGame.Anthoni;
				PRODUCT_NAME = "$(TARGET_NAME)";
				SWIFT_VERSION = 5.0;
				TARGETED_DEVICE_FAMILY = "1,2";
			};
			name = Release;
		};
/* End XCBuildConfiguration section */

/* Begin XCConfigurationList section */
		8720E2D4220E1D9400B20EA0 /* Build configuration list for PBXProject "SisGame" */ = {
			isa = XCConfigurationList;
			buildConfigurations = (
				8720E2EF220E1D9500B20EA0 /* Debug */,
				8720E2F0220E1D9500B20EA0 /* Release */,
			);
			defaultConfigurationIsVisible = 0;
			defaultConfigurationName = Release;
		};
		8720E2F1220E1D9500B20EA0 /* Build configuration list for PBXNativeTarget "SisGame" */ = {
			isa = XCConfigurationList;
			buildConfigurations = (
				8720E2F2220E1D9500B20EA0 /* Debug */,
				8720E2F3220E1D9500B20EA0 /* Release */,
			);
			defaultConfigurationIsVisible = 0;
			defaultConfigurationName = Release;
		};
/* End XCConfigurationList section */
	};
	rootObject = 8720E2D1220E1D9400B20EA0 /* Project object */;
}
